
Microsoft Visual Studio Solution File, Format Version 12.00
# Visual Studio Version 17
VisualStudioVersion = 17.9.34607.119
MinimumVisualStudioVersion = 10.0.40219.1
Project("{FAE04EC0-301F-11D3-BF4B-00C04F79EFBC}") = "P4SchoolAzure", "P4SchoolAzure\P4SchoolAzure.csproj", "{EA2BB31B-A562-4A81-A17E-D6256449026E}"
EndProject
Global
	GlobalSection(SolutionConfigurationPlatforms) = preSolution
		Debug|Any CPU = Debug|Any CPU
		Release|Any CPU = Release|Any CPU
	EndGlobalSection
	GlobalSection(ProjectConfigurationPlatforms) = postSolution
		{EA2BB31B-A562-4A81-A17E-D6256449026E}.Debug|Any CPU.ActiveCfg = Debug|Any CPU
		{EA2BB31B-A562-4A81-A17E-D6256449026E}.Debug|Any CPU.Build.0 = Debug|Any CPU
		{EA2BB31B-A562-4A81-A17E-D6256449026E}.Release|Any CPU.ActiveCfg = Release|Any CPU
		{EA2BB31B-A562-4A81-A17E-D6256449026E}.Release|Any CPU.Build.0 = Release|Any CPU
	EndGlobalSection
	GlobalSection(SolutionProperties) = preSolution
		HideSolutionNode = FALSE
	EndGlobalSection
	GlobalSection(ExtensibilityGlobals) = postSolution
		SolutionGuid = {42136CCD-73EB-4C54-8232-116C5640C23C}
	EndGlobalSection
EndGlobal
